
Microsoft Visual Studio Solution File, Format Version 12.00
# Visual Studio Version 17
VisualStudioVersion = 17.5.33516.290
MinimumVisualStudioVersion = 10.0.40219.1
Project("{2150E333-8FDC-42A3-9474-1A3956D46DE8}") = "Services", "Services", "{D924F62D-28A1-443B-9EC0-70319A8671FA}"
EndProject
Project("{2150E333-8FDC-42A3-9474-1A3956D46DE8}") = "Catalog", "Catalog", "{746E2F46-45DA-4768-A15A-765034A4BE08}"
EndProject
Project("{9A19103F-16F7-4668-BE54-9A1E7A4F7556}") = "PolyCart.Catalog.API", "Services\Catalog\PolyCart.Catalog.API\PolyCart.Catalog.API.csproj", "{706F5405-F8FE-4E49-80E3-5B6A8B870D7B}"
EndProject
Project("{E53339B2-1760-4266-BCC7-CA923CBCF16C}") = "docker-compose", "docker-compose.dcproj", "{C0CE4296-E57D-4D9B-9E94-779F1250F812}"
EndProject
Project("{2150E333-8FDC-42A3-9474-1A3956D46DE8}") = "Basket", "Basket", "{51C6F872-D200-4746-A714-F3AD2D2F79B9}"
EndProject
Project("{9A19103F-16F7-4668-BE54-9A1E7A4F7556}") = "PolyCart.Basket.API", "Services\Basket\PolyCart.Basket.API\PolyCart.Basket.API.csproj", "{34AB7CA8-BCDA-4206-9E31-38D3E539A296}"
EndProject
Project("{2150E333-8FDC-42A3-9474-1A3956D46DE8}") = "Discount", "Discount", "{6BFA02D5-8448-4996-ADBF-E81218BF98F6}"
EndProject
Project("{9A19103F-16F7-4668-BE54-9A1E7A4F7556}") = "PolyCart.Discount.API", "Services\Discount\PolyCart.Discount.API\PolyCart.Discount.API.csproj", "{626782F3-3919-45F9-9386-131FF093B291}"
EndProject
Project("{9A19103F-16F7-4668-BE54-9A1E7A4F7556}") = "PolyCart.Discount.Grpc", "Services\Discount\PolyCart.Discount.Grpc\PolyCart.Discount.Grpc.csproj", "{AD748EB0-B3EB-4D1F-ADE9-47D350600359}"
EndProject
Project("{2150E333-8FDC-42A3-9474-1A3956D46DE8}") = "Ordering", "Ordering", "{059DF49D-BFE3-4965-BDA3-BBD59D677D6B}"
EndProject
Project("{FAE04EC0-301F-11D3-BF4B-00C04F79EFBC}") = "PolyCart.Ordering.API", "Services\Ordering\PolyCart.Ordering.API\PolyCart.Ordering.API.csproj", "{84A5319D-6F7C-48B0-861C-9A0C77ACF3C7}"
EndProject
Project("{FAE04EC0-301F-11D3-BF4B-00C04F79EFBC}") = "PolyCart.Ordering.Domain", "Services\Ordering\PolyCart.Ordering.Domain\PolyCart.Ordering.Domain.csproj", "{0454E939-C388-40B6-B774-763C36EAC51D}"
EndProject
Project("{FAE04EC0-301F-11D3-BF4B-00C04F79EFBC}") = "PolyCart.Ordering.Application", "Services\Ordering\PolyCart.Ordering.Application\PolyCart.Ordering.Application.csproj", "{4588FF21-AB24-49CA-AD55-16008E41384F}"
EndProject
Project("{FAE04EC0-301F-11D3-BF4B-00C04F79EFBC}") = "PolyCart.Ordering.Infrastructure", "Services\Ordering\PolyCart.Ordering.Infrastructure\PolyCart.Ordering.Infrastructure.csproj", "{FBCDE354-8436-43E4-BE24-935BE1578470}"
EndProject
Global
	GlobalSection(SolutionConfigurationPlatforms) = preSolution
		Debug|Any CPU = Debug|Any CPU
		Release|Any CPU = Release|Any CPU
	EndGlobalSection
	GlobalSection(ProjectConfigurationPlatforms) = postSolution
		{706F5405-F8FE-4E49-80E3-5B6A8B870D7B}.Debug|Any CPU.ActiveCfg = Debug|Any CPU
		{706F5405-F8FE-4E49-80E3-5B6A8B870D7B}.Debug|Any CPU.Build.0 = Debug|Any CPU
		{706F5405-F8FE-4E49-80E3-5B6A8B870D7B}.Release|Any CPU.ActiveCfg = Release|Any CPU
		{706F5405-F8FE-4E49-80E3-5B6A8B870D7B}.Release|Any CPU.Build.0 = Release|Any CPU
		{C0CE4296-E57D-4D9B-9E94-779F1250F812}.Debug|Any CPU.ActiveCfg = Debug|Any CPU
		{C0CE4296-E57D-4D9B-9E94-779F1250F812}.Debug|Any CPU.Build.0 = Debug|Any CPU
		{C0CE4296-E57D-4D9B-9E94-779F1250F812}.Release|Any CPU.ActiveCfg = Release|Any CPU
		{C0CE4296-E57D-4D9B-9E94-779F1250F812}.Release|Any CPU.Build.0 = Release|Any CPU
		{34AB7CA8-BCDA-4206-9E31-38D3E539A296}.Debug|Any CPU.ActiveCfg = Debug|Any CPU
		{34AB7CA8-BCDA-4206-9E31-38D3E539A296}.Debug|Any CPU.Build.0 = Debug|Any CPU
		{34AB7CA8-BCDA-4206-9E31-38D3E539A296}.Release|Any CPU.ActiveCfg = Release|Any CPU
		{34AB7CA8-BCDA-4206-9E31-38D3E539A296}.Release|Any CPU.Build.0 = Release|Any CPU
		{626782F3-3919-45F9-9386-131FF093B291}.Debug|Any CPU.ActiveCfg = Debug|Any CPU
		{626782F3-3919-45F9-9386-131FF093B291}.Debug|Any CPU.Build.0 = Debug|Any CPU
		{626782F3-3919-45F9-9386-131FF093B291}.Release|Any CPU.ActiveCfg = Release|Any CPU
		{626782F3-3919-45F9-9386-131FF093B291}.Release|Any CPU.Build.0 = Release|Any CPU
		{AD748EB0-B3EB-4D1F-ADE9-47D350600359}.Debug|Any CPU.ActiveCfg = Debug|Any CPU
		{AD748EB0-B3EB-4D1F-ADE9-47D350600359}.Debug|Any CPU.Build.0 = Debug|Any CPU
		{AD748EB0-B3EB-4D1F-ADE9-47D350600359}.Release|Any CPU.ActiveCfg = Release|Any CPU
		{AD748EB0-B3EB-4D1F-ADE9-47D350600359}.Release|Any CPU.Build.0 = Release|Any CPU
		{84A5319D-6F7C-48B0-861C-9A0C77ACF3C7}.Debug|Any CPU.ActiveCfg = Debug|Any CPU
		{84A5319D-6F7C-48B0-861C-9A0C77ACF3C7}.Debug|Any CPU.Build.0 = Debug|Any CPU
		{84A5319D-6F7C-48B0-861C-9A0C77ACF3C7}.Release|Any CPU.ActiveCfg = Release|Any CPU
		{84A5319D-6F7C-48B0-861C-9A0C77ACF3C7}.Release|Any CPU.Build.0 = Release|Any CPU
		{0454E939-C388-40B6-B774-763C36EAC51D}.Debug|Any CPU.ActiveCfg = Debug|Any CPU
		{0454E939-C388-40B6-B774-763C36EAC51D}.Debug|Any CPU.Build.0 = Debug|Any CPU
		{0454E939-C388-40B6-B774-763C36EAC51D}.Release|Any CPU.ActiveCfg = Release|Any CPU
		{0454E939-C388-40B6-B774-763C36EAC51D}.Release|Any CPU.Build.0 = Release|Any CPU
		{4588FF21-AB24-49CA-AD55-16008E41384F}.Debug|Any CPU.ActiveCfg = Debug|Any CPU
		{4588FF21-AB24-49CA-AD55-16008E41384F}.Debug|Any CPU.Build.0 = Debug|Any CPU
		{4588FF21-AB24-49CA-AD55-16008E41384F}.Release|Any CPU.ActiveCfg = Release|Any CPU
		{4588FF21-AB24-49CA-AD55-16008E41384F}.Release|Any CPU.Build.0 = Release|Any CPU
		{FBCDE354-8436-43E4-BE24-935BE1578470}.Debug|Any CPU.ActiveCfg = Debug|Any CPU
		{FBCDE354-8436-43E4-BE24-935BE1578470}.Debug|Any CPU.Build.0 = Debug|Any CPU
		{FBCDE354-8436-43E4-BE24-935BE1578470}.Release|Any CPU.ActiveCfg = Release|Any CPU
		{FBCDE354-8436-43E4-BE24-935BE1578470}.Release|Any CPU.Build.0 = Release|Any CPU
	EndGlobalSection
	GlobalSection(SolutionProperties) = preSolution
		HideSolutionNode = FALSE
	EndGlobalSection
	GlobalSection(NestedProjects) = preSolution
		{746E2F46-45DA-4768-A15A-765034A4BE08} = {D924F62D-28A1-443B-9EC0-70319A8671FA}
		{706F5405-F8FE-4E49-80E3-5B6A8B870D7B} = {746E2F46-45DA-4768-A15A-765034A4BE08}
		{51C6F872-D200-4746-A714-F3AD2D2F79B9} = {D924F62D-28A1-443B-9EC0-70319A8671FA}
		{34AB7CA8-BCDA-4206-9E31-38D3E539A296} = {51C6F872-D200-4746-A714-F3AD2D2F79B9}
		{6BFA02D5-8448-4996-ADBF-E81218BF98F6} = {D924F62D-28A1-443B-9EC0-70319A8671FA}
		{626782F3-3919-45F9-9386-131FF093B291} = {6BFA02D5-8448-4996-ADBF-E81218BF98F6}
		{AD748EB0-B3EB-4D1F-ADE9-47D350600359} = {6BFA02D5-8448-4996-ADBF-E81218BF98F6}
		{059DF49D-BFE3-4965-BDA3-BBD59D677D6B} = {D924F62D-28A1-443B-9EC0-70319A8671FA}
		{84A5319D-6F7C-48B0-861C-9A0C77ACF3C7} = {059DF49D-BFE3-4965-BDA3-BBD59D677D6B}
		{0454E939-C388-40B6-B774-763C36EAC51D} = {059DF49D-BFE3-4965-BDA3-BBD59D677D6B}
		{4588FF21-AB24-49CA-AD55-16008E41384F} = {059DF49D-BFE3-4965-BDA3-BBD59D677D6B}
		{FBCDE354-8436-43E4-BE24-935BE1578470} = {059DF49D-BFE3-4965-BDA3-BBD59D677D6B}
	EndGlobalSection
	GlobalSection(ExtensibilityGlobals) = postSolution
		SolutionGuid = {13EFB039-5C5A-4418-8F0D-6C735D38113A}
	EndGlobalSection
EndGlobal
