
Microsoft Visual Studio Solution File, Format Version 12.00
# Visual Studio Version 17
VisualStudioVersion = 17.5.33516.290
MinimumVisualStudioVersion = 10.0.40219.1
Project("{2150E333-8FDC-42A3-9474-1A3956D46DE8}") = "Services", "Services", "{D924F62D-28A1-443B-9EC0-70319A8671FA}"
EndProject
Project("{2150E333-8FDC-42A3-9474-1A3956D46DE8}") = "Catalog", "Catalog", "{746E2F46-45DA-4768-A15A-765034A4BE08}"
EndProject
Project("{FAE04EC0-301F-11D3-BF4B-00C04F79EFBC}") = "PolyCart.Catalog.API", "Services\Catalog\PolyCart.Catalog.API\PolyCart.Catalog.API.csproj", "{706F5405-F8FE-4E49-80E3-5B6A8B870D7B}"
EndProject
Global
	GlobalSection(SolutionConfigurationPlatforms) = preSolution
		Debug|Any CPU = Debug|Any CPU
		Release|Any CPU = Release|Any CPU
	EndGlobalSection
	GlobalSection(ProjectConfigurationPlatforms) = postSolution
		{706F5405-F8FE-4E49-80E3-5B6A8B870D7B}.Debug|Any CPU.ActiveCfg = Debug|Any CPU
		{706F5405-F8FE-4E49-80E3-5B6A8B870D7B}.Debug|Any CPU.Build.0 = Debug|Any CPU
		{706F5405-F8FE-4E49-80E3-5B6A8B870D7B}.Release|Any CPU.ActiveCfg = Release|Any CPU
		{706F5405-F8FE-4E49-80E3-5B6A8B870D7B}.Release|Any CPU.Build.0 = Release|Any CPU
	EndGlobalSection
	GlobalSection(SolutionProperties) = preSolution
		HideSolutionNode = FALSE
	EndGlobalSection
	GlobalSection(NestedProjects) = preSolution
		{746E2F46-45DA-4768-A15A-765034A4BE08} = {D924F62D-28A1-443B-9EC0-70319A8671FA}
		{706F5405-F8FE-4E49-80E3-5B6A8B870D7B} = {746E2F46-45DA-4768-A15A-765034A4BE08}
	EndGlobalSection
	GlobalSection(ExtensibilityGlobals) = postSolution
		SolutionGuid = {13EFB039-5C5A-4418-8F0D-6C735D38113A}
	EndGlobalSection
EndGlobal
